// !$*UTF8*$!
{
	archiveVersion = 1;
	classes = {
	};
	objectVersion = 77;
	objects = {

/* Begin PBXBuildFile section */
		686D732A2DE30B3600FB21EB /* Assets.txt in Resources */ = {isa = PBXBuildFile; fileRef = 686D73292DE30B3600FB21EB /* Assets.txt */; };
		686D73372DE30FEB00FB21EB /* Route.swift in Sources */ = {isa = PBXBuildFile; fileRef = 686D73312DE30FEB00FB21EB /* Route.swift */; };
		686D73382DE30FEB00FB21EB /* RootView.swift in Sources */ = {isa = PBXBuildFile; fileRef = 686D73332DE30FEB00FB21EB /* RootView.swift */; };
		686D733A2DE3228F00FB21EB /* Item.swift in Sources */ = {isa = PBXBuildFile; fileRef = 686D73392DE3228A00FB21EB /* Item.swift */; };
		686D733C2DE322C200FB21EB /* HomeViewModel.swift in Sources */ = {isa = PBXBuildFile; fileRef = 686D733B2DE322BE00FB21EB /* HomeViewModel.swift */; };
		686D733E2DE322DD00FB21EB /* DetailViewModel.swift in Sources */ = {isa = PBXBuildFile; fileRef = 686D733D2DE322DA00FB21EB /* DetailViewModel.swift */; };
		686D73442DE323C800FB21EB /* HomeView.swift in Sources */ = {isa = PBXBuildFile; fileRef = 686D73432DE323C200FB21EB /* HomeView.swift */; };
		686D73462DE323DF00FB21EB /* DetailView.swift in Sources */ = {isa = PBXBuildFile; fileRef = 686D73452DE323DD00FB21EB /* DetailView.swift */; };
		686D735A2DE3272200FB21EB /* .gitignore in Resources */ = {isa = PBXBuildFile; fileRef = 686D73592DE3272200FB21EB /* .gitignore */; };
/* End PBXBuildFile section */

/* Begin PBXContainerItemProxy section */
		686D730A2DE309A000FB21EB /* PBXContainerItemProxy */ = {
			isa = PBXContainerItemProxy;
			containerPortal = 686D72F22DE3099F00FB21EB /* Project object */;
			proxyType = 1;
			remoteGlobalIDString = 686D72F92DE3099F00FB21EB;
			remoteInfo = HambTest;
		};
		686D73142DE309A000FB21EB /* PBXContainerItemProxy */ = {
			isa = PBXContainerItemProxy;
			containerPortal = 686D72F22DE3099F00FB21EB /* Project object */;
			proxyType = 1;
			remoteGlobalIDString = 686D72F92DE3099F00FB21EB;
			remoteInfo = HambTest;
		};
/* End PBXContainerItemProxy section */

/* Begin PBXFileReference section */
		686D72FA2DE3099F00FB21EB /* HambTest.app */ = {isa = PBXFileReference; explicitFileType = wrapper.application; includeInIndex = 0; path = HambTest.app; sourceTree = BUILT_PRODUCTS_DIR; };
		686D73092DE309A000FB21EB /* HambTestTests.xctest */ = {isa = PBXFileReference; explicitFileType = wrapper.cfbundle; includeInIndex = 0; path = HambTestTests.xctest; sourceTree = BUILT_PRODUCTS_DIR; };
		686D73132DE309A000FB21EB /* HambTestUITests.xctest */ = {isa = PBXFileReference; explicitFileType = wrapper.cfbundle; includeInIndex = 0; path = HambTestUITests.xctest; sourceTree = BUILT_PRODUCTS_DIR; };
		686D73292DE30B3600FB21EB /* Assets.txt */ = {isa = PBXFileReference; lastKnownFileType = text; path = Assets.txt; sourceTree = "<group>"; };
		686D73312DE30FEB00FB21EB /* Route.swift */ = {isa = PBXFileReference; lastKnownFileType = sourcecode.swift; path = Route.swift; sourceTree = "<group>"; };
		686D73332DE30FEB00FB21EB /* RootView.swift */ = {isa = PBXFileReference; lastKnownFileType = sourcecode.swift; path = RootView.swift; sourceTree = "<group>"; };
		686D73392DE3228A00FB21EB /* Item.swift */ = {isa = PBXFileReference; lastKnownFileType = sourcecode.swift; path = Item.swift; sourceTree = "<group>"; };
		686D733B2DE322BE00FB21EB /* HomeViewModel.swift */ = {isa = PBXFileReference; lastKnownFileType = sourcecode.swift; path = HomeViewModel.swift; sourceTree = "<group>"; };
		686D733D2DE322DA00FB21EB /* DetailViewModel.swift */ = {isa = PBXFileReference; lastKnownFileType = sourcecode.swift; path = DetailViewModel.swift; sourceTree = "<group>"; };
		686D73432DE323C200FB21EB /* HomeView.swift */ = {isa = PBXFileReference; lastKnownFileType = sourcecode.swift; path = HomeView.swift; sourceTree = "<group>"; };
		686D73452DE323DD00FB21EB /* DetailView.swift */ = {isa = PBXFileReference; lastKnownFileType = sourcecode.swift; path = DetailView.swift; sourceTree = "<group>"; };
		686D73592DE3272200FB21EB /* .gitignore */ = {isa = PBXFileReference; lastKnownFileType = text; path = .gitignore; sourceTree = SOURCE_ROOT; };
/* End PBXFileReference section */

/* Begin PBXFileSystemSynchronizedBuildFileExceptionSet section */
		686D73272DE30B3300FB21EB /* Exceptions for "HambTestUITests" folder in "HambTest" target */ = {
			isa = PBXFileSystemSynchronizedBuildFileExceptionSet;
			membershipExceptions = (
				.xcassets,
			);
			target = 686D72F92DE3099F00FB21EB /* HambTest */;
		};
		686D73282DE30B3300FB21EB /* Exceptions for "HambTestUITests" folder in "HambTestUITests" target */ = {
			isa = PBXFileSystemSynchronizedBuildFileExceptionSet;
			membershipExceptions = (
				.xcassets,
			);
			target = 686D73122DE309A000FB21EB /* HambTestUITests */;
		};
		686D73492DE3241300FB21EB /* Exceptions for "App" folder in "HambTest" target */ = {
			isa = PBXFileSystemSynchronizedBuildFileExceptionSet;
			membershipExceptions = (
				CoordinatorApp.swift,
			);
			target = 686D72F92DE3099F00FB21EB /* HambTest */;
		};
		686D734A2DE3241300FB21EB /* Exceptions for "App" folder in "HambTestUITests" target */ = {
			isa = PBXFileSystemSynchronizedBuildFileExceptionSet;
			membershipExceptions = (
				CoordinatorApp.swift,
			);
			target = 686D73122DE309A000FB21EB /* HambTestUITests */;
		};
/* End PBXFileSystemSynchronizedBuildFileExceptionSet section */

/* Begin PBXFileSystemSynchronizedRootGroup section */
		686D730C2DE309A000FB21EB /* HambTestTests */ = {
			isa = PBXFileSystemSynchronizedRootGroup;
			path = HambTestTests;
			sourceTree = "<group>";
		};
		686D73162DE309A000FB21EB /* HambTestUITests */ = {
			isa = PBXFileSystemSynchronizedRootGroup;
			exceptions = (
				686D73272DE30B3300FB21EB /* Exceptions for "HambTestUITests" folder in "HambTest" target */,
				686D73282DE30B3300FB21EB /* Exceptions for "HambTestUITests" folder in "HambTestUITests" target */,
			);
			explicitFolders = (
				.xcassets,
			);
			path = HambTestUITests;
			sourceTree = "<group>";
		};
		686D733F2DE3230900FB21EB /* Coordinators */ = {
			isa = PBXFileSystemSynchronizedRootGroup;
			path = Coordinators;
			sourceTree = "<group>";
		};
		686D73482DE3240800FB21EB /* App */ = {
			isa = PBXFileSystemSynchronizedRootGroup;
			exceptions = (
				686D73492DE3241300FB21EB /* Exceptions for "App" folder in "HambTest" target */,
				686D734A2DE3241300FB21EB /* Exceptions for "App" folder in "HambTestUITests" target */,
			);
			path = App;
			sourceTree = "<group>";
		};
/* End PBXFileSystemSynchronizedRootGroup section */

/* Begin PBXFrameworksBuildPhase section */
		686D72F72DE3099F00FB21EB /* Frameworks */ = {
			isa = PBXFrameworksBuildPhase;
			buildActionMask = 2147483647;
			files = (
			);
			runOnlyForDeploymentPostprocessing = 0;
		};
		686D73062DE309A000FB21EB /* Frameworks */ = {
			isa = PBXFrameworksBuildPhase;
			buildActionMask = 2147483647;
			files = (
			);
			runOnlyForDeploymentPostprocessing = 0;
		};
		686D73102DE309A000FB21EB /* Frameworks */ = {
			isa = PBXFrameworksBuildPhase;
			buildActionMask = 2147483647;
			files = (
			);
			runOnlyForDeploymentPostprocessing = 0;
		};
/* End PBXFrameworksBuildPhase section */

/* Begin PBXGroup section */
		686D72F12DE3099F00FB21EB = {
			isa = PBXGroup;
			children = (
				686D73362DE30FEB00FB21EB /* HambTest */,
				686D73292DE30B3600FB21EB /* Assets.txt */,
				686D730C2DE309A000FB21EB /* HambTestTests */,
				686D73162DE309A000FB21EB /* HambTestUITests */,
				686D72FB2DE3099F00FB21EB /* Products */,
			);
			sourceTree = "<group>";
		};
		686D72FB2DE3099F00FB21EB /* Products */ = {
			isa = PBXGroup;
			children = (
				686D72FA2DE3099F00FB21EB /* HambTest.app */,
				686D73092DE309A000FB21EB /* HambTestTests.xctest */,
				686D73132DE309A000FB21EB /* HambTestUITests.xctest */,
			);
			name = Products;
			sourceTree = "<group>";
		};
		686D73322DE30FEB00FB21EB /* Models */ = {
			isa = PBXGroup;
			children = (
				686D73312DE30FEB00FB21EB /* Route.swift */,
				686D73392DE3228A00FB21EB /* Item.swift */,
			);
			path = Models;
			sourceTree = "<group>";
		};
		686D73342DE30FEB00FB21EB /* Views */ = {
			isa = PBXGroup;
			children = (
				686D73332DE30FEB00FB21EB /* RootView.swift */,
				686D73432DE323C200FB21EB /* HomeView.swift */,
				686D73452DE323DD00FB21EB /* DetailView.swift */,
			);
			path = Views;
			sourceTree = "<group>";
		};
		686D73352DE30FEB00FB21EB /* ViewModels */ = {
			isa = PBXGroup;
			children = (
				686D733B2DE322BE00FB21EB /* HomeViewModel.swift */,
				686D733D2DE322DA00FB21EB /* DetailViewModel.swift */,
			);
			path = ViewModels;
			sourceTree = "<group>";
		};
		686D73362DE30FEB00FB21EB /* HambTest */ = {
			isa = PBXGroup;
			children = (
				686D73592DE3272200FB21EB /* .gitignore */,
				686D73322DE30FEB00FB21EB /* Models */,
				686D73342DE30FEB00FB21EB /* Views */,
				686D73352DE30FEB00FB21EB /* ViewModels */,
				686D733F2DE3230900FB21EB /* Coordinators */,
				686D73482DE3240800FB21EB /* App */,
			);
			path = HambTest;
			sourceTree = "<group>";
		};
/* End PBXGroup section */

/* Begin PBXNativeTarget section */
		686D72F92DE3099F00FB21EB /* HambTest */ = {
			isa = PBXNativeTarget;
			buildConfigurationList = 686D731D2DE309A000FB21EB /* Build configuration list for PBXNativeTarget "HambTest" */;
			buildPhases = (
				686D72F62DE3099F00FB21EB /* Sources */,
				686D72F72DE3099F00FB21EB /* Frameworks */,
				686D72F82DE3099F00FB21EB /* Resources */,
			);
			buildRules = (
			);
			dependencies = (
			);
			fileSystemSynchronizedGroups = (
				686D733F2DE3230900FB21EB /* Coordinators */,
			);
			name = HambTest;
			packageProductDependencies = (
			);
			productName = HambTest;
			productReference = 686D72FA2DE3099F00FB21EB /* HambTest.app */;
			productType = "com.apple.product-type.application";
		};
		686D73082DE309A000FB21EB /* HambTestTests */ = {
			isa = PBXNativeTarget;
			buildConfigurationList = 686D73202DE309A000FB21EB /* Build configuration list for PBXNativeTarget "HambTestTests" */;
			buildPhases = (
				686D73052DE309A000FB21EB /* Sources */,
				686D73062DE309A000FB21EB /* Frameworks */,
				686D73072DE309A000FB21EB /* Resources */,
			);
			buildRules = (
			);
			dependencies = (
				686D730B2DE309A000FB21EB /* PBXTargetDependency */,
			);
			fileSystemSynchronizedGroups = (
				686D730C2DE309A000FB21EB /* HambTestTests */,
			);
			name = HambTestTests;
			packageProductDependencies = (
			);
			productName = HambTestTests;
			productReference = 686D73092DE309A000FB21EB /* HambTestTests.xctest */;
			productType = "com.apple.product-type.bundle.unit-test";
		};
		686D73122DE309A000FB21EB /* HambTestUITests */ = {
			isa = PBXNativeTarget;
			buildConfigurationList = 686D73232DE309A000FB21EB /* Build configuration list for PBXNativeTarget "HambTestUITests" */;
			buildPhases = (
				686D730F2DE309A000FB21EB /* Sources */,
				686D73102DE309A000FB21EB /* Frameworks */,
				686D73112DE309A000FB21EB /* Resources */,
			);
			buildRules = (
			);
			dependencies = (
				686D73152DE309A000FB21EB /* PBXTargetDependency */,
			);
			fileSystemSynchronizedGroups = (
				686D73162DE309A000FB21EB /* HambTestUITests */,
				686D73482DE3240800FB21EB /* App */,
			);
			name = HambTestUITests;
			packageProductDependencies = (
			);
			productName = HambTestUITests;
			productReference = 686D73132DE309A000FB21EB /* HambTestUITests.xctest */;
			productType = "com.apple.product-type.bundle.ui-testing";
		};
/* End PBXNativeTarget section */

/* Begin PBXProject section */
		686D72F22DE3099F00FB21EB /* Project object */ = {
			isa = PBXProject;
			attributes = {
				BuildIndependentTargetsInParallel = 1;
				LastSwiftUpdateCheck = 1630;
				LastUpgradeCheck = 1630;
				TargetAttributes = {
					686D72F92DE3099F00FB21EB = {
						CreatedOnToolsVersion = 16.3;
					};
					686D73082DE309A000FB21EB = {
						CreatedOnToolsVersion = 16.3;
						TestTargetID = 686D72F92DE3099F00FB21EB;
					};
					686D73122DE309A000FB21EB = {
						CreatedOnToolsVersion = 16.3;
						TestTargetID = 686D72F92DE3099F00FB21EB;
					};
				};
			};
			buildConfigurationList = 686D72F52DE3099F00FB21EB /* Build configuration list for PBXProject "HambTest" */;
			developmentRegion = en;
			hasScannedForEncodings = 0;
			knownRegions = (
				en,
				Base,
			);
			mainGroup = 686D72F12DE3099F00FB21EB;
			minimizedProjectReferenceProxies = 1;
			preferredProjectObjectVersion = 77;
			productRefGroup = 686D72FB2DE3099F00FB21EB /* Products */;
			projectDirPath = "";
			projectRoot = "";
			targets = (
				686D72F92DE3099F00FB21EB /* HambTest */,
				686D73082DE309A000FB21EB /* HambTestTests */,
				686D73122DE309A000FB21EB /* HambTestUITests */,
			);
		};
/* End PBXProject section */

/* Begin PBXResourcesBuildPhase section */
		686D72F82DE3099F00FB21EB /* Resources */ = {
			isa = PBXResourcesBuildPhase;
			buildActionMask = 2147483647;
			files = (
				686D732A2DE30B3600FB21EB /* Assets.txt in Resources */,
				686D735A2DE3272200FB21EB /* .gitignore in Resources */,
			);
			runOnlyForDeploymentPostprocessing = 0;
		};
		686D73072DE309A000FB21EB /* Resources */ = {
			isa = PBXResourcesBuildPhase;
			buildActionMask = 2147483647;
			files = (
			);
			runOnlyForDeploymentPostprocessing = 0;
		};
		686D73112DE309A000FB21EB /* Resources */ = {
			isa = PBXResourcesBuildPhase;
			buildActionMask = 2147483647;
			files = (
			);
			runOnlyForDeploymentPostprocessing = 0;
		};
/* End PBXResourcesBuildPhase section */

/* Begin PBXSourcesBuildPhase section */
		686D72F62DE3099F00FB21EB /* Sources */ = {
			isa = PBXSourcesBuildPhase;
			buildActionMask = 2147483647;
			files = (
				686D733A2DE3228F00FB21EB /* Item.swift in Sources */,
				686D73462DE323DF00FB21EB /* DetailView.swift in Sources */,
				686D733E2DE322DD00FB21EB /* DetailViewModel.swift in Sources */,
				686D73372DE30FEB00FB21EB /* Route.swift in Sources */,
				686D73382DE30FEB00FB21EB /* RootView.swift in Sources */,
				686D73442DE323C800FB21EB /* HomeView.swift in Sources */,
				686D733C2DE322C200FB21EB /* HomeViewModel.swift in Sources */,
			);
			runOnlyForDeploymentPostprocessing = 0;
		};
		686D73052DE309A000FB21EB /* Sources */ = {
			isa = PBXSourcesBuildPhase;
			buildActionMask = 2147483647;
			files = (
			);
			runOnlyForDeploymentPostprocessing = 0;
		};
		686D730F2DE309A000FB21EB /* Sources */ = {
			isa = PBXSourcesBuildPhase;
			buildActionMask = 2147483647;
			files = (
			);
			runOnlyForDeploymentPostprocessing = 0;
		};
/* End PBXSourcesBuildPhase section */

/* Begin PBXTargetDependency section */
		686D730B2DE309A000FB21EB /* PBXTargetDependency */ = {
			isa = PBXTargetDependency;
			target = 686D72F92DE3099F00FB21EB /* HambTest */;
			targetProxy = 686D730A2DE309A000FB21EB /* PBXContainerItemProxy */;
		};
		686D73152DE309A000FB21EB /* PBXTargetDependency */ = {
			isa = PBXTargetDependency;
			target = 686D72F92DE3099F00FB21EB /* HambTest */;
			targetProxy = 686D73142DE309A000FB21EB /* PBXContainerItemProxy */;
		};
/* End PBXTargetDependency section */

/* Begin XCBuildConfiguration section */
		686D731B2DE309A000FB21EB /* Debug */ = {
			isa = XCBuildConfiguration;
			buildSettings = {
				ALWAYS_SEARCH_USER_PATHS = NO;
				ASSETCATALOG_COMPILER_GENERATE_SWIFT_ASSET_SYMBOL_EXTENSIONS = YES;
				CLANG_ANALYZER_NONNULL = YES;
				CLANG_ANALYZER_NUMBER_OBJECT_CONVERSION = YES_AGGRESSIVE;
				CLANG_CXX_LANGUAGE_STANDARD = "gnu++20";
				CLANG_ENABLE_MODULES = YES;
				CLANG_ENABLE_OBJC_ARC = YES;
				CLANG_ENABLE_OBJC_WEAK = YES;
				CLANG_WARN_BLOCK_CAPTURE_AUTORELEASING = YES;
				CLANG_WARN_BOOL_CONVERSION = YES;
				CLANG_WARN_COMMA = YES;
				CLANG_WARN_CONSTANT_CONVERSION = YES;
				CLANG_WARN_DEPRECATED_OBJC_IMPLEMENTATIONS = YES;
				CLANG_WARN_DIRECT_OBJC_ISA_USAGE = YES_ERROR;
				CLANG_WARN_DOCUMENTATION_COMMENTS = YES;
				CLANG_WARN_EMPTY_BODY = YES;
				CLANG_WARN_ENUM_CONVERSION = YES;
				CLANG_WARN_INFINITE_RECURSION = YES;
				CLANG_WARN_INT_CONVERSION = YES;
				CLANG_WARN_NON_LITERAL_NULL_CONVERSION = YES;
				CLANG_WARN_OBJC_IMPLICIT_RETAIN_SELF = YES;
				CLANG_WARN_OBJC_LITERAL_CONVERSION = YES;
				CLANG_WARN_OBJC_ROOT_CLASS = YES_ERROR;
				CLANG_WARN_QUOTED_INCLUDE_IN_FRAMEWORK_HEADER = YES;
				CLANG_WARN_RANGE_LOOP_ANALYSIS = YES;
				CLANG_WARN_STRICT_PROTOTYPES = YES;
				CLANG_WARN_SUSPICIOUS_MOVE = YES;
				CLANG_WARN_UNGUARDED_AVAILABILITY = YES_AGGRESSIVE;
				CLANG_WARN_UNREACHABLE_CODE = YES;
				CLANG_WARN__DUPLICATE_METHOD_MATCH = YES;
				COPY_PHASE_STRIP = NO;
				DEBUG_INFORMATION_FORMAT = dwarf;
				DEVELOPMENT_TEAM = 5Z8G42AVKD;
				ENABLE_STRICT_OBJC_MSGSEND = YES;
				ENABLE_TESTABILITY = YES;
				ENABLE_USER_SCRIPT_SANDBOXING = YES;
				GCC_C_LANGUAGE_STANDARD = gnu17;
				GCC_DYNAMIC_NO_PIC = NO;
				GCC_NO_COMMON_BLOCKS = YES;
				GCC_OPTIMIZATION_LEVEL = 0;
				GCC_PREPROCESSOR_DEFINITIONS = (
					"DEBUG=1",
					"$(inherited)",
				);
				GCC_WARN_64_TO_32_BIT_CONVERSION = YES;
				GCC_WARN_ABOUT_RETURN_TYPE = YES_ERROR;
				GCC_WARN_UNDECLARED_SELECTOR = YES;
				GCC_WARN_UNINITIALIZED_AUTOS = YES_AGGRESSIVE;
				GCC_WARN_UNUSED_FUNCTION = YES;
				GCC_WARN_UNUSED_VARIABLE = YES;
				IPHONEOS_DEPLOYMENT_TARGET = 18.4;
				LOCALIZATION_PREFERS_STRING_CATALOGS = YES;
				MTL_ENABLE_DEBUG_INFO = INCLUDE_SOURCE;
				MTL_FAST_MATH = YES;
				ONLY_ACTIVE_ARCH = YES;
				SDKROOT = iphoneos;
				SWIFT_ACTIVE_COMPILATION_CONDITIONS = "DEBUG $(inherited)";
				SWIFT_OPTIMIZATION_LEVEL = "-Onone";
			};
			name = Debug;
		};
		686D731C2DE309A000FB21EB /* Release */ = {
			isa = XCBuildConfiguration;
			buildSettings = {
				ALWAYS_SEARCH_USER_PATHS = NO;
				ASSETCATALOG_COMPILER_GENERATE_SWIFT_ASSET_SYMBOL_EXTENSIONS = YES;
				CLANG_ANALYZER_NONNULL = YES;
				CLANG_ANALYZER_NUMBER_OBJECT_CONVERSION = YES_AGGRESSIVE;
				CLANG_CXX_LANGUAGE_STANDARD = "gnu++20";
				CLANG_ENABLE_MODULES = YES;
				CLANG_ENABLE_OBJC_ARC = YES;
				CLANG_ENABLE_OBJC_WEAK = YES;
				CLANG_WARN_BLOCK_CAPTURE_AUTORELEASING = YES;
				CLANG_WARN_BOOL_CONVERSION = YES;
				CLANG_WARN_COMMA = YES;
				CLANG_WARN_CONSTANT_CONVERSION = YES;
				CLANG_WARN_DEPRECATED_OBJC_IMPLEMENTATIONS = YES;
				CLANG_WARN_DIRECT_OBJC_ISA_USAGE = YES_ERROR;
				CLANG_WARN_DOCUMENTATION_COMMENTS = YES;
				CLANG_WARN_EMPTY_BODY = YES;
				CLANG_WARN_ENUM_CONVERSION = YES;
				CLANG_WARN_INFINITE_RECURSION = YES;
				CLANG_WARN_INT_CONVERSION = YES;
				CLANG_WARN_NON_LITERAL_NULL_CONVERSION = YES;
				CLANG_WARN_OBJC_IMPLICIT_RETAIN_SELF = YES;
				CLANG_WARN_OBJC_LITERAL_CONVERSION = YES;
				CLANG_WARN_OBJC_ROOT_CLASS = YES_ERROR;
				CLANG_WARN_QUOTED_INCLUDE_IN_FRAMEWORK_HEADER = YES;
				CLANG_WARN_RANGE_LOOP_ANALYSIS = YES;
				CLANG_WARN_STRICT_PROTOTYPES = YES;
				CLANG_WARN_SUSPICIOUS_MOVE = YES;
				CLANG_WARN_UNGUARDED_AVAILABILITY = YES_AGGRESSIVE;
				CLANG_WARN_UNREACHABLE_CODE = YES;
				CLANG_WARN__DUPLICATE_METHOD_MATCH = YES;
				COPY_PHASE_STRIP = NO;
				DEBUG_INFORMATION_FORMAT = "dwarf-with-dsym";
				DEVELOPMENT_TEAM = 5Z8G42AVKD;
				ENABLE_NS_ASSERTIONS = NO;
				ENABLE_STRICT_OBJC_MSGSEND = YES;
				ENABLE_USER_SCRIPT_SANDBOXING = YES;
				GCC_C_LANGUAGE_STANDARD = gnu17;
				GCC_NO_COMMON_BLOCKS = YES;
				GCC_WARN_64_TO_32_BIT_CONVERSION = YES;
				GCC_WARN_ABOUT_RETURN_TYPE = YES_ERROR;
				GCC_WARN_UNDECLARED_SELECTOR = YES;
				GCC_WARN_UNINITIALIZED_AUTOS = YES_AGGRESSIVE;
				GCC_WARN_UNUSED_FUNCTION = YES;
				GCC_WARN_UNUSED_VARIABLE = YES;
				IPHONEOS_DEPLOYMENT_TARGET = 18.4;
				LOCALIZATION_PREFERS_STRING_CATALOGS = YES;
				MTL_ENABLE_DEBUG_INFO = NO;
				MTL_FAST_MATH = YES;
				SDKROOT = iphoneos;
				SWIFT_COMPILATION_MODE = wholemodule;
				VALIDATE_PRODUCT = YES;
			};
			name = Release;
		};
		686D731E2DE309A000FB21EB /* Debug */ = {
			isa = XCBuildConfiguration;
			buildSettings = {
				ASSETCATALOG_COMPILER_APPICON_NAME = AppIcon;
				ASSETCATALOG_COMPILER_GLOBAL_ACCENT_COLOR_NAME = AccentColor;
				CODE_SIGN_STYLE = Automatic;
				CURRENT_PROJECT_VERSION = 1;
				DEVELOPMENT_TEAM = 5Z8G42AVKD;
				ENABLE_PREVIEWS = YES;
				GENERATE_INFOPLIST_FILE = YES;
				INFOPLIST_KEY_UIApplicationSceneManifest_Generation = YES;
				INFOPLIST_KEY_UIApplicationSupportsIndirectInputEvents = YES;
				INFOPLIST_KEY_UILaunchScreen_Generation = YES;
				INFOPLIST_KEY_UISupportedInterfaceOrientations_iPad = "UIInterfaceOrientationPortrait UIInterfaceOrientationPortraitUpsideDown UIInterfaceOrientationLandscapeLeft UIInterfaceOrientationLandscapeRight";
				INFOPLIST_KEY_UISupportedInterfaceOrientations_iPhone = "UIInterfaceOrientationPortrait UIInterfaceOrientationLandscapeLeft UIInterfaceOrientationLandscapeRight";
				LD_RUNPATH_SEARCH_PATHS = (
					"$(inherited)",
					"@executable_path/Frameworks",
				);
				MARKETING_VERSION = 1.0;
				PRODUCT_BUNDLE_IDENTIFIER = exam.HambTest;
				PRODUCT_NAME = "$(TARGET_NAME)";
				SWIFT_EMIT_LOC_STRINGS = YES;
				SWIFT_VERSION = 5.0;
				TARGETED_DEVICE_FAMILY = "1,2";
			};
			name = Debug;
		};
		686D731F2DE309A000FB21EB /* Release */ = {
			isa = XCBuildConfiguration;
			buildSettings = {
				ASSETCATALOG_COMPILER_APPICON_NAME = AppIcon;
				ASSETCATALOG_COMPILER_GLOBAL_ACCENT_COLOR_NAME = AccentColor;
				CODE_SIGN_STYLE = Automatic;
				CURRENT_PROJECT_VERSION = 1;
				DEVELOPMENT_TEAM = 5Z8G42AVKD;
				ENABLE_PREVIEWS = YES;
				GENERATE_INFOPLIST_FILE = YES;
				INFOPLIST_KEY_UIApplicationSceneManifest_Generation = YES;
				INFOPLIST_KEY_UIApplicationSupportsIndirectInputEvents = YES;
				INFOPLIST_KEY_UILaunchScreen_Generation = YES;
				INFOPLIST_KEY_UISupportedInterfaceOrientations_iPad = "UIInterfaceOrientationPortrait UIInterfaceOrientationPortraitUpsideDown UIInterfaceOrientationLandscapeLeft UIInterfaceOrientationLandscapeRight";
				INFOPLIST_KEY_UISupportedInterfaceOrientations_iPhone = "UIInterfaceOrientationPortrait UIInterfaceOrientationLandscapeLeft UIInterfaceOrientationLandscapeRight";
				LD_RUNPATH_SEARCH_PATHS = (
					"$(inherited)",
					"@executable_path/Frameworks",
				);
				MARKETING_VERSION = 1.0;
				PRODUCT_BUNDLE_IDENTIFIER = exam.HambTest;
				PRODUCT_NAME = "$(TARGET_NAME)";
				SWIFT_EMIT_LOC_STRINGS = YES;
				SWIFT_VERSION = 5.0;
				TARGETED_DEVICE_FAMILY = "1,2";
			};
			name = Release;
		};
		686D73212DE309A000FB21EB /* Debug */ = {
			isa = XCBuildConfiguration;
			buildSettings = {
				BUNDLE_LOADER = "$(TEST_HOST)";
				CODE_SIGN_STYLE = Automatic;
				CURRENT_PROJECT_VERSION = 1;
				DEVELOPMENT_TEAM = 5Z8G42AVKD;
				GENERATE_INFOPLIST_FILE = YES;
				IPHONEOS_DEPLOYMENT_TARGET = 18.4;
				MARKETING_VERSION = 1.0;
				PRODUCT_BUNDLE_IDENTIFIER = exam.HambTestTests;
				PRODUCT_NAME = "$(TARGET_NAME)";
				SWIFT_EMIT_LOC_STRINGS = NO;
				SWIFT_VERSION = 5.0;
				TARGETED_DEVICE_FAMILY = "1,2";
				TEST_HOST = "$(BUILT_PRODUCTS_DIR)/HambTest.app/$(BUNDLE_EXECUTABLE_FOLDER_PATH)/HambTest";
			};
			name = Debug;
		};
		686D73222DE309A000FB21EB /* Release */ = {
			isa = XCBuildConfiguration;
			buildSettings = {
				BUNDLE_LOADER = "$(TEST_HOST)";
				CODE_SIGN_STYLE = Automatic;
				CURRENT_PROJECT_VERSION = 1;
				DEVELOPMENT_TEAM = 5Z8G42AVKD;
				GENERATE_INFOPLIST_FILE = YES;
				IPHONEOS_DEPLOYMENT_TARGET = 18.4;
				MARKETING_VERSION = 1.0;
				PRODUCT_BUNDLE_IDENTIFIER = exam.HambTestTests;
				PRODUCT_NAME = "$(TARGET_NAME)";
				SWIFT_EMIT_LOC_STRINGS = NO;
				SWIFT_VERSION = 5.0;
				TARGETED_DEVICE_FAMILY = "1,2";
				TEST_HOST = "$(BUILT_PRODUCTS_DIR)/HambTest.app/$(BUNDLE_EXECUTABLE_FOLDER_PATH)/HambTest";
			};
			name = Release;
		};
		686D73242DE309A000FB21EB /* Debug */ = {
			isa = XCBuildConfiguration;
			buildSettings = {
				CODE_SIGN_STYLE = Automatic;
				CURRENT_PROJECT_VERSION = 1;
				DEVELOPMENT_TEAM = 5Z8G42AVKD;
				GENERATE_INFOPLIST_FILE = YES;
				MARKETING_VERSION = 1.0;
				PRODUCT_BUNDLE_IDENTIFIER = exam.HambTestUITests;
				PRODUCT_NAME = "$(TARGET_NAME)";
				SWIFT_EMIT_LOC_STRINGS = NO;
				SWIFT_VERSION = 5.0;
				TARGETED_DEVICE_FAMILY = "1,2";
				TEST_TARGET_NAME = HambTest;
			};
			name = Debug;
		};
		686D73252DE309A000FB21EB /* Release */ = {
			isa = XCBuildConfiguration;
			buildSettings = {
				CODE_SIGN_STYLE = Automatic;
				CURRENT_PROJECT_VERSION = 1;
				DEVELOPMENT_TEAM = 5Z8G42AVKD;
				GENERATE_INFOPLIST_FILE = YES;
				MARKETING_VERSION = 1.0;
				PRODUCT_BUNDLE_IDENTIFIER = exam.HambTestUITests;
				PRODUCT_NAME = "$(TARGET_NAME)";
				SWIFT_EMIT_LOC_STRINGS = NO;
				SWIFT_VERSION = 5.0;
				TARGETED_DEVICE_FAMILY = "1,2";
				TEST_TARGET_NAME = HambTest;
			};
			name = Release;
		};
/* End XCBuildConfiguration section */

/* Begin XCConfigurationList section */
		686D72F52DE3099F00FB21EB /* Build configuration list for PBXProject "HambTest" */ = {
			isa = XCConfigurationList;
			buildConfigurations = (
				686D731B2DE309A000FB21EB /* Debug */,
				686D731C2DE309A000FB21EB /* Release */,
			);
			defaultConfigurationIsVisible = 0;
			defaultConfigurationName = Release;
		};
		686D731D2DE309A000FB21EB /* Build configuration list for PBXNativeTarget "HambTest" */ = {
			isa = XCConfigurationList;
			buildConfigurations = (
				686D731E2DE309A000FB21EB /* Debug */,
				686D731F2DE309A000FB21EB /* Release */,
			);
			defaultConfigurationIsVisible = 0;
			defaultConfigurationName = Release;
		};
		686D73202DE309A000FB21EB /* Build configuration list for PBXNativeTarget "HambTestTests" */ = {
			isa = XCConfigurationList;
			buildConfigurations = (
				686D73212DE309A000FB21EB /* Debug */,
				686D73222DE309A000FB21EB /* Release */,
			);
			defaultConfigurationIsVisible = 0;
			defaultConfigurationName = Release;
		};
		686D73232DE309A000FB21EB /* Build configuration list for PBXNativeTarget "HambTestUITests" */ = {
			isa = XCConfigurationList;
			buildConfigurations = (
				686D73242DE309A000FB21EB /* Debug */,
				686D73252DE309A000FB21EB /* Release */,
			);
			defaultConfigurationIsVisible = 0;
			defaultConfigurationName = Release;
		};
/* End XCConfigurationList section */
	};
	rootObject = 686D72F22DE3099F00FB21EB /* Project object */;
}
